{
  "version": "3",
  "packages": {
    "specifiers": {
      "jsr:@std/assert@^0.225.2": "jsr:@std/assert@0.225.3",
      "jsr:@std/assert@^0.225.3": "jsr:@std/assert@0.225.3",
      "jsr:@std/cli@^0.224.3": "jsr:@std/cli@0.224.3",
      "jsr:@std/encoding@^0.224.2": "jsr:@std/encoding@0.224.2",
      "jsr:@std/fmt@^0.225.1": "jsr:@std/fmt@0.225.1",
      "jsr:@std/http": "jsr:@std/http@0.224.1",
      "jsr:@std/media-types@^1.0.0-rc.1": "jsr:@std/media-types@1.0.0-rc.1",
      "jsr:@std/path@^0.225.1": "jsr:@std/path@0.225.1",
      "jsr:@std/streams@^0.224.1": "jsr:@std/streams@0.224.1"
    },
    "jsr": {
      "@std/assert@0.225.3": {
        "integrity": "b3c2847aecf6955b50644cdb9cf072004ea3d1998dd7579fc0acb99dbb23bd4f"
      },
      "@std/cli@0.224.3": {
        "integrity": "54fd879e24b738f6812dcc75bcae1534ba8f014245064ceae1bcfc2996c06d44",
        "dependencies": [
          "jsr:@std/assert@^0.225.3"
        ]
      },
      "@std/encoding@0.224.2": {
        "integrity": "bd9ef45d6028296440005804db7fc8fcc86e72fc1a19bb77684fb39c4a613672"
      },
      "@std/fmt@0.225.1": {
        "integrity": "44a8cb375d7344adb3cb0208b85ea0bde7cdc15224c11188c85e733834ffe356"
      },
      "@std/http@0.224.1": {
        "integrity": "750942bf4ecdf88520efcd568cff2c1bb1e5c2bede8c901981b3b0c888faa41f",
        "dependencies": [
          "jsr:@std/cli@^0.224.3",
          "jsr:@std/encoding@^0.224.2",
          "jsr:@std/fmt@^0.225.1",
          "jsr:@std/media-types@^1.0.0-rc.1",
          "jsr:@std/path@^0.225.1",
          "jsr:@std/streams@^0.224.1"
        ]
      },
      "@std/media-types@1.0.0-rc.1": {
        "integrity": "ff3cc8d5b536be2730fc4d446865007faf69bf4d46e7bea426d5e1d9c6ba9053"
      },
      "@std/path@0.225.1": {
        "integrity": "8c3220635a73730eb51fe43de9e10b79e2724a5bb8638b9355d35ae012fd9429",
        "dependencies": [
          "jsr:@std/assert@^0.225.2"
        ]
      },
      "@std/streams@0.224.1": {
        "integrity": "e8565a376ae3888f60770cd09e480952ec7c349007aed81b8f7165424ce2195f",
        "dependencies": [
          "jsr:@std/assert@^0.225.3"
        ]
      }
    }
  },
  "remote": {}
}
